
Microsoft Visual Studio Solution File, Format Version 12.00
# Visual Studio 15
VisualStudioVersion = 15.0.27130.2027
MinimumVisualStudioVersion = 10.0.40219.1
Project("{FAE04EC0-301F-11D3-BF4B-00C04F79EFBC}") = "InterpretadorNumerosRomanos", "InterpretadorNumerosRomanos\InterpretadorNumerosRomanos.csproj", "{1BAC55F4-8F8E-46E7-BCD9-6E34511EF7D0}"
EndProject
Project("{9A19103F-16F7-4668-BE54-9A1E7A4F7556}") = "InterpretadorNumerosRomanosTestes", "InterpretadorNumerosRomanosTestes\InterpretadorNumerosRomanosTestes.csproj", "{5670636F-F2C0-43A0-87EF-477CE1DA7DD2}"
EndProject
Global
	GlobalSection(SolutionConfigurationPlatforms) = preSolution
		Debug|Any CPU = Debug|Any CPU
		Release|Any CPU = Release|Any CPU
	EndGlobalSection
	GlobalSection(ProjectConfigurationPlatforms) = postSolution
		{1BAC55F4-8F8E-46E7-BCD9-6E34511EF7D0}.Debug|Any CPU.ActiveCfg = Debug|Any CPU
		{1BAC55F4-8F8E-46E7-BCD9-6E34511EF7D0}.Debug|Any CPU.Build.0 = Debug|Any CPU
		{1BAC55F4-8F8E-46E7-BCD9-6E34511EF7D0}.Release|Any CPU.ActiveCfg = Release|Any CPU
		{1BAC55F4-8F8E-46E7-BCD9-6E34511EF7D0}.Release|Any CPU.Build.0 = Release|Any CPU
		{5670636F-F2C0-43A0-87EF-477CE1DA7DD2}.Debug|Any CPU.ActiveCfg = Debug|Any CPU
		{5670636F-F2C0-43A0-87EF-477CE1DA7DD2}.Debug|Any CPU.Build.0 = Debug|Any CPU
		{5670636F-F2C0-43A0-87EF-477CE1DA7DD2}.Release|Any CPU.ActiveCfg = Release|Any CPU
		{5670636F-F2C0-43A0-87EF-477CE1DA7DD2}.Release|Any CPU.Build.0 = Release|Any CPU
	EndGlobalSection
	GlobalSection(SolutionProperties) = preSolution
		HideSolutionNode = FALSE
	EndGlobalSection
	GlobalSection(ExtensibilityGlobals) = postSolution
		SolutionGuid = {67637027-F581-4B97-899B-F99BF9FD0D01}
	EndGlobalSection
EndGlobal
